// !$*UTF8*$!
{
	archiveVersion = 1;
	classes = {
	};
	objectVersion = 56;
	objects = {

/* Begin PBXBuildFile section */
		81EBED022AE81AA400DB0E23 /* GenerativeArtApp.swift in Sources */ = {isa = PBXBuildFile; fileRef = 81EBED012AE81AA400DB0E23 /* GenerativeArtApp.swift */; };
		81EBED062AE81AA500DB0E23 /* Assets.xcassets in Resources */ = {isa = PBXBuildFile; fileRef = 81EBED052AE81AA500DB0E23 /* Assets.xcassets */; };
		81EBED092AE81AA500DB0E23 /* Preview Assets.xcassets in Resources */ = {isa = PBXBuildFile; fileRef = 81EBED082AE81AA500DB0E23 /* Preview Assets.xcassets */; };
		81EBED112AE81D3300DB0E23 /* TileView.swift in Sources */ = {isa = PBXBuildFile; fileRef = 81EBED102AE81D3300DB0E23 /* TileView.swift */; };
		81EBED132AE81D5100DB0E23 /* MosaicView.swift in Sources */ = {isa = PBXBuildFile; fileRef = 81EBED122AE81D5100DB0E23 /* MosaicView.swift */; };
		81EBED162AE8262200DB0E23 /* Shape.swift in Sources */ = {isa = PBXBuildFile; fileRef = 81EBED152AE8262200DB0E23 /* Shape.swift */; };
/* End PBXBuildFile section */

/* Begin PBXFileReference section */
		81EBECFE2AE81AA400DB0E23 /* GenerativeArt.app */ = {isa = PBXFileReference; explicitFileType = wrapper.application; includeInIndex = 0; path = GenerativeArt.app; sourceTree = BUILT_PRODUCTS_DIR; };
		81EBED012AE81AA400DB0E23 /* GenerativeArtApp.swift */ = {isa = PBXFileReference; lastKnownFileType = sourcecode.swift; path = GenerativeArtApp.swift; sourceTree = "<group>"; };
		81EBED052AE81AA500DB0E23 /* Assets.xcassets */ = {isa = PBXFileReference; lastKnownFileType = folder.assetcatalog; path = Assets.xcassets; sourceTree = "<group>"; };
		81EBED082AE81AA500DB0E23 /* Preview Assets.xcassets */ = {isa = PBXFileReference; lastKnownFileType = folder.assetcatalog; path = "Preview Assets.xcassets"; sourceTree = "<group>"; };
		81EBED102AE81D3300DB0E23 /* TileView.swift */ = {isa = PBXFileReference; lastKnownFileType = sourcecode.swift; path = TileView.swift; sourceTree = "<group>"; };
		81EBED122AE81D5100DB0E23 /* MosaicView.swift */ = {isa = PBXFileReference; lastKnownFileType = sourcecode.swift; path = MosaicView.swift; sourceTree = "<group>"; };
		81EBED152AE8262200DB0E23 /* Shape.swift */ = {isa = PBXFileReference; lastKnownFileType = sourcecode.swift; path = Shape.swift; sourceTree = "<group>"; };
/* End PBXFileReference section */

/* Begin PBXFrameworksBuildPhase section */
		81EBECFB2AE81AA400DB0E23 /* Frameworks */ = {
			isa = PBXFrameworksBuildPhase;
			buildActionMask = 2147483647;
			files = (
			);
			runOnlyForDeploymentPostprocessing = 0;
		};
/* End PBXFrameworksBuildPhase section */

/* Begin PBXGroup section */
		81EBECF52AE81AA400DB0E23 = {
			isa = PBXGroup;
			children = (
				81EBED002AE81AA400DB0E23 /* GenerativeArt */,
				81EBECFF2AE81AA400DB0E23 /* Products */,
			);
			sourceTree = "<group>";
		};
		81EBECFF2AE81AA400DB0E23 /* Products */ = {
			isa = PBXGroup;
			children = (
				81EBECFE2AE81AA400DB0E23 /* GenerativeArt.app */,
			);
			name = Products;
			sourceTree = "<group>";
		};
		81EBED002AE81AA400DB0E23 /* GenerativeArt */ = {
			isa = PBXGroup;
			children = (
				81EBED012AE81AA400DB0E23 /* GenerativeArtApp.swift */,
				81EBED142AE825E900DB0E23 /* Helpers */,
				81EBED0F2AE81CE300DB0E23 /* Views */,
				81EBED052AE81AA500DB0E23 /* Assets.xcassets */,
				81EBED072AE81AA500DB0E23 /* Preview Content */,
			);
			path = GenerativeArt;
			sourceTree = "<group>";
		};
		81EBED072AE81AA500DB0E23 /* Preview Content */ = {
			isa = PBXGroup;
			children = (
				81EBED082AE81AA500DB0E23 /* Preview Assets.xcassets */,
			);
			path = "Preview Content";
			sourceTree = "<group>";
		};
		81EBED0F2AE81CE300DB0E23 /* Views */ = {
			isa = PBXGroup;
			children = (
				81EBED102AE81D3300DB0E23 /* TileView.swift */,
				81EBED122AE81D5100DB0E23 /* MosaicView.swift */,
			);
			path = Views;
			sourceTree = "<group>";
		};
		81EBED142AE825E900DB0E23 /* Helpers */ = {
			isa = PBXGroup;
			children = (
				81EBED152AE8262200DB0E23 /* Shape.swift */,
			);
			path = Helpers;
			sourceTree = "<group>";
		};
/* End PBXGroup section */

/* Begin PBXNativeTarget section */
		81EBECFD2AE81AA400DB0E23 /* GenerativeArt */ = {
			isa = PBXNativeTarget;
			buildConfigurationList = 81EBED0C2AE81AA500DB0E23 /* Build configuration list for PBXNativeTarget "GenerativeArt" */;
			buildPhases = (
				81EBECFA2AE81AA400DB0E23 /* Sources */,
				81EBECFB2AE81AA400DB0E23 /* Frameworks */,
				81EBECFC2AE81AA400DB0E23 /* Resources */,
			);
			buildRules = (
			);
			dependencies = (
			);
			name = GenerativeArt;
			productName = GenerativeArt;
			productReference = 81EBECFE2AE81AA400DB0E23 /* GenerativeArt.app */;
			productType = "com.apple.product-type.application";
		};
/* End PBXNativeTarget section */

/* Begin PBXProject section */
		81EBECF62AE81AA400DB0E23 /* Project object */ = {
			isa = PBXProject;
			attributes = {
				BuildIndependentTargetsInParallel = 1;
				LastSwiftUpdateCheck = 1500;
				LastUpgradeCheck = 1500;
				TargetAttributes = {
					81EBECFD2AE81AA400DB0E23 = {
						CreatedOnToolsVersion = 15.0;
					};
				};
			};
			buildConfigurationList = 81EBECF92AE81AA400DB0E23 /* Build configuration list for PBXProject "GenerativeArt" */;
			compatibilityVersion = "Xcode 14.0";
			developmentRegion = en;
			hasScannedForEncodings = 0;
			knownRegions = (
				en,
				Base,
			);
			mainGroup = 81EBECF52AE81AA400DB0E23;
			productRefGroup = 81EBECFF2AE81AA400DB0E23 /* Products */;
			projectDirPath = "";
			projectRoot = "";
			targets = (
				81EBECFD2AE81AA400DB0E23 /* GenerativeArt */,
			);
		};
/* End PBXProject section */

/* Begin PBXResourcesBuildPhase section */
		81EBECFC2AE81AA400DB0E23 /* Resources */ = {
			isa = PBXResourcesBuildPhase;
			buildActionMask = 2147483647;
			files = (
				81EBED092AE81AA500DB0E23 /* Preview Assets.xcassets in Resources */,
				81EBED062AE81AA500DB0E23 /* Assets.xcassets in Resources */,
			);
			runOnlyForDeploymentPostprocessing = 0;
		};
/* End PBXResourcesBuildPhase section */

/* Begin PBXSourcesBuildPhase section */
		81EBECFA2AE81AA400DB0E23 /* Sources */ = {
			isa = PBXSourcesBuildPhase;
			buildActionMask = 2147483647;
			files = (
				81EBED112AE81D3300DB0E23 /* TileView.swift in Sources */,
				81EBED132AE81D5100DB0E23 /* MosaicView.swift in Sources */,
				81EBED022AE81AA400DB0E23 /* GenerativeArtApp.swift in Sources */,
				81EBED162AE8262200DB0E23 /* Shape.swift in Sources */,
			);
			runOnlyForDeploymentPostprocessing = 0;
		};
/* End PBXSourcesBuildPhase section */

/* Begin XCBuildConfiguration section */
		81EBED0A2AE81AA500DB0E23 /* Debug */ = {
			isa = XCBuildConfiguration;
			buildSettings = {
				ALWAYS_SEARCH_USER_PATHS = NO;
				ASSETCATALOG_COMPILER_GENERATE_SWIFT_ASSET_SYMBOL_EXTENSIONS = YES;
				CLANG_ANALYZER_NONNULL = YES;
				CLANG_ANALYZER_NUMBER_OBJECT_CONVERSION = YES_AGGRESSIVE;
				CLANG_CXX_LANGUAGE_STANDARD = "gnu++20";
				CLANG_ENABLE_MODULES = YES;
				CLANG_ENABLE_OBJC_ARC = YES;
				CLANG_ENABLE_OBJC_WEAK = YES;
				CLANG_WARN_BLOCK_CAPTURE_AUTORELEASING = YES;
				CLANG_WARN_BOOL_CONVERSION = YES;
				CLANG_WARN_COMMA = YES;
				CLANG_WARN_CONSTANT_CONVERSION = YES;
				CLANG_WARN_DEPRECATED_OBJC_IMPLEMENTATIONS = YES;
				CLANG_WARN_DIRECT_OBJC_ISA_USAGE = YES_ERROR;
				CLANG_WARN_DOCUMENTATION_COMMENTS = YES;
				CLANG_WARN_EMPTY_BODY = YES;
				CLANG_WARN_ENUM_CONVERSION = YES;
				CLANG_WARN_INFINITE_RECURSION = YES;
				CLANG_WARN_INT_CONVERSION = YES;
				CLANG_WARN_NON_LITERAL_NULL_CONVERSION = YES;
				CLANG_WARN_OBJC_IMPLICIT_RETAIN_SELF = YES;
				CLANG_WARN_OBJC_LITERAL_CONVERSION = YES;
				CLANG_WARN_OBJC_ROOT_CLASS = YES_ERROR;
				CLANG_WARN_QUOTED_INCLUDE_IN_FRAMEWORK_HEADER = YES;
				CLANG_WARN_RANGE_LOOP_ANALYSIS = YES;
				CLANG_WARN_STRICT_PROTOTYPES = YES;
				CLANG_WARN_SUSPICIOUS_MOVE = YES;
				CLANG_WARN_UNGUARDED_AVAILABILITY = YES_AGGRESSIVE;
				CLANG_WARN_UNREACHABLE_CODE = YES;
				CLANG_WARN__DUPLICATE_METHOD_MATCH = YES;
				COPY_PHASE_STRIP = NO;
				DEBUG_INFORMATION_FORMAT = dwarf;
				ENABLE_STRICT_OBJC_MSGSEND = YES;
				ENABLE_TESTABILITY = YES;
				ENABLE_USER_SCRIPT_SANDBOXING = YES;
				GCC_C_LANGUAGE_STANDARD = gnu17;
				GCC_DYNAMIC_NO_PIC = NO;
				GCC_NO_COMMON_BLOCKS = YES;
				GCC_OPTIMIZATION_LEVEL = 0;
				GCC_PREPROCESSOR_DEFINITIONS = (
					"DEBUG=1",
					"$(inherited)",
				);
				GCC_WARN_64_TO_32_BIT_CONVERSION = YES;
				GCC_WARN_ABOUT_RETURN_TYPE = YES_ERROR;
				GCC_WARN_UNDECLARED_SELECTOR = YES;
				GCC_WARN_UNINITIALIZED_AUTOS = YES_AGGRESSIVE;
				GCC_WARN_UNUSED_FUNCTION = YES;
				GCC_WARN_UNUSED_VARIABLE = YES;
				IPHONEOS_DEPLOYMENT_TARGET = 17.0;
				LOCALIZATION_PREFERS_STRING_CATALOGS = YES;
				MTL_ENABLE_DEBUG_INFO = INCLUDE_SOURCE;
				MTL_FAST_MATH = YES;
				ONLY_ACTIVE_ARCH = YES;
				SDKROOT = iphoneos;
				SWIFT_ACTIVE_COMPILATION_CONDITIONS = "DEBUG $(inherited)";
				SWIFT_OPTIMIZATION_LEVEL = "-Onone";
			};
			name = Debug;
		};
		81EBED0B2AE81AA500DB0E23 /* Release */ = {
			isa = XCBuildConfiguration;
			buildSettings = {
				ALWAYS_SEARCH_USER_PATHS = NO;
				ASSETCATALOG_COMPILER_GENERATE_SWIFT_ASSET_SYMBOL_EXTENSIONS = YES;
				CLANG_ANALYZER_NONNULL = YES;
				CLANG_ANALYZER_NUMBER_OBJECT_CONVERSION = YES_AGGRESSIVE;
				CLANG_CXX_LANGUAGE_STANDARD = "gnu++20";
				CLANG_ENABLE_MODULES = YES;
				CLANG_ENABLE_OBJC_ARC = YES;
				CLANG_ENABLE_OBJC_WEAK = YES;
				CLANG_WARN_BLOCK_CAPTURE_AUTORELEASING = YES;
				CLANG_WARN_BOOL_CONVERSION = YES;
				CLANG_WARN_COMMA = YES;
				CLANG_WARN_CONSTANT_CONVERSION = YES;
				CLANG_WARN_DEPRECATED_OBJC_IMPLEMENTATIONS = YES;
				CLANG_WARN_DIRECT_OBJC_ISA_USAGE = YES_ERROR;
				CLANG_WARN_DOCUMENTATION_COMMENTS = YES;
				CLANG_WARN_EMPTY_BODY = YES;
				CLANG_WARN_ENUM_CONVERSION = YES;
				CLANG_WARN_INFINITE_RECURSION = YES;
				CLANG_WARN_INT_CONVERSION = YES;
				CLANG_WARN_NON_LITERAL_NULL_CONVERSION = YES;
				CLANG_WARN_OBJC_IMPLICIT_RETAIN_SELF = YES;
				CLANG_WARN_OBJC_LITERAL_CONVERSION = YES;
				CLANG_WARN_OBJC_ROOT_CLASS = YES_ERROR;
				CLANG_WARN_QUOTED_INCLUDE_IN_FRAMEWORK_HEADER = YES;
				CLANG_WARN_RANGE_LOOP_ANALYSIS = YES;
				CLANG_WARN_STRICT_PROTOTYPES = YES;
				CLANG_WARN_SUSPICIOUS_MOVE = YES;
				CLANG_WARN_UNGUARDED_AVAILABILITY = YES_AGGRESSIVE;
				CLANG_WARN_UNREACHABLE_CODE = YES;
				CLANG_WARN__DUPLICATE_METHOD_MATCH = YES;
				COPY_PHASE_STRIP = NO;
				DEBUG_INFORMATION_FORMAT = "dwarf-with-dsym";
				ENABLE_NS_ASSERTIONS = NO;
				ENABLE_STRICT_OBJC_MSGSEND = YES;
				ENABLE_USER_SCRIPT_SANDBOXING = YES;
				GCC_C_LANGUAGE_STANDARD = gnu17;
				GCC_NO_COMMON_BLOCKS = YES;
				GCC_WARN_64_TO_32_BIT_CONVERSION = YES;
				GCC_WARN_ABOUT_RETURN_TYPE = YES_ERROR;
				GCC_WARN_UNDECLARED_SELECTOR = YES;
				GCC_WARN_UNINITIALIZED_AUTOS = YES_AGGRESSIVE;
				GCC_WARN_UNUSED_FUNCTION = YES;
				GCC_WARN_UNUSED_VARIABLE = YES;
				IPHONEOS_DEPLOYMENT_TARGET = 17.0;
				LOCALIZATION_PREFERS_STRING_CATALOGS = YES;
				MTL_ENABLE_DEBUG_INFO = NO;
				MTL_FAST_MATH = YES;
				SDKROOT = iphoneos;
				SWIFT_COMPILATION_MODE = wholemodule;
				VALIDATE_PRODUCT = YES;
			};
			name = Release;
		};
		81EBED0D2AE81AA500DB0E23 /* Debug */ = {
			isa = XCBuildConfiguration;
			buildSettings = {
				ASSETCATALOG_COMPILER_APPICON_NAME = AppIcon;
				ASSETCATALOG_COMPILER_GLOBAL_ACCENT_COLOR_NAME = AccentColor;
				CODE_SIGN_STYLE = Automatic;
				CURRENT_PROJECT_VERSION = 1;
				DEVELOPMENT_ASSET_PATHS = "\"GenerativeArt/Preview Content\"";
				DEVELOPMENT_TEAM = U2ZN2W2UQJ;
				ENABLE_PREVIEWS = YES;
				GENERATE_INFOPLIST_FILE = YES;
				INFOPLIST_KEY_UIApplicationSceneManifest_Generation = YES;
				INFOPLIST_KEY_UIApplicationSupportsIndirectInputEvents = YES;
				INFOPLIST_KEY_UILaunchScreen_Generation = YES;
				INFOPLIST_KEY_UISupportedInterfaceOrientations_iPad = "UIInterfaceOrientationPortrait UIInterfaceOrientationPortraitUpsideDown UIInterfaceOrientationLandscapeLeft UIInterfaceOrientationLandscapeRight";
				INFOPLIST_KEY_UISupportedInterfaceOrientations_iPhone = "UIInterfaceOrientationPortrait UIInterfaceOrientationLandscapeLeft UIInterfaceOrientationLandscapeRight";
				LD_RUNPATH_SEARCH_PATHS = (
					"$(inherited)",
					"@executable_path/Frameworks",
				);
				MARKETING_VERSION = 1.0;
				PRODUCT_BUNDLE_IDENTIFIER = ca.russellgordon.GenerativeArt;
				PRODUCT_NAME = "$(TARGET_NAME)";
				SWIFT_EMIT_LOC_STRINGS = YES;
				SWIFT_VERSION = 5.0;
				TARGETED_DEVICE_FAMILY = "1,2";
			};
			name = Debug;
		};
		81EBED0E2AE81AA500DB0E23 /* Release */ = {
			isa = XCBuildConfiguration;
			buildSettings = {
				ASSETCATALOG_COMPILER_APPICON_NAME = AppIcon;
				ASSETCATALOG_COMPILER_GLOBAL_ACCENT_COLOR_NAME = AccentColor;
				CODE_SIGN_STYLE = Automatic;
				CURRENT_PROJECT_VERSION = 1;
				DEVELOPMENT_ASSET_PATHS = "\"GenerativeArt/Preview Content\"";
				DEVELOPMENT_TEAM = U2ZN2W2UQJ;
				ENABLE_PREVIEWS = YES;
				GENERATE_INFOPLIST_FILE = YES;
				INFOPLIST_KEY_UIApplicationSceneManifest_Generation = YES;
				INFOPLIST_KEY_UIApplicationSupportsIndirectInputEvents = YES;
				INFOPLIST_KEY_UILaunchScreen_Generation = YES;
				INFOPLIST_KEY_UISupportedInterfaceOrientations_iPad = "UIInterfaceOrientationPortrait UIInterfaceOrientationPortraitUpsideDown UIInterfaceOrientationLandscapeLeft UIInterfaceOrientationLandscapeRight";
				INFOPLIST_KEY_UISupportedInterfaceOrientations_iPhone = "UIInterfaceOrientationPortrait UIInterfaceOrientationLandscapeLeft UIInterfaceOrientationLandscapeRight";
				LD_RUNPATH_SEARCH_PATHS = (
					"$(inherited)",
					"@executable_path/Frameworks",
				);
				MARKETING_VERSION = 1.0;
				PRODUCT_BUNDLE_IDENTIFIER = ca.russellgordon.GenerativeArt;
				PRODUCT_NAME = "$(TARGET_NAME)";
				SWIFT_EMIT_LOC_STRINGS = YES;
				SWIFT_VERSION = 5.0;
				TARGETED_DEVICE_FAMILY = "1,2";
			};
			name = Release;
		};
/* End XCBuildConfiguration section */

/* Begin XCConfigurationList section */
		81EBECF92AE81AA400DB0E23 /* Build configuration list for PBXProject "GenerativeArt" */ = {
			isa = XCConfigurationList;
			buildConfigurations = (
				81EBED0A2AE81AA500DB0E23 /* Debug */,
				81EBED0B2AE81AA500DB0E23 /* Release */,
			);
			defaultConfigurationIsVisible = 0;
			defaultConfigurationName = Release;
		};
		81EBED0C2AE81AA500DB0E23 /* Build configuration list for PBXNativeTarget "GenerativeArt" */ = {
			isa = XCConfigurationList;
			buildConfigurations = (
				81EBED0D2AE81AA500DB0E23 /* Debug */,
				81EBED0E2AE81AA500DB0E23 /* Release */,
			);
			defaultConfigurationIsVisible = 0;
			defaultConfigurationName = Release;
		};
/* End XCConfigurationList section */
	};
	rootObject = 81EBECF62AE81AA400DB0E23 /* Project object */;
}
